{
  "name": "teste",
  "version": "1.0.0",
  "lockfileVersion": 2,
  "requires": true,
  "packages": {
    "": {
      "version": "1.0.0",
      "license": "ISC",
      "dependencies": {
        "@scope-name/excel-to-json": "github:leandrofmarcos/excel-to-json-node"
      }
    },
    "node_modules/@scope-name/excel-to-json": {
      "version": "1.0.0",
      "resolved": "git+ssh://git@github.com/leandrofmarcos/excel-to-json-node.git#09b2b33d0394dbf0036372f4fe37d149a47227a3",
      "license": "ISC"
    }
  },
  "dependencies": {
    "@scope-name/excel-to-json": {
      "version": "git+ssh://git@github.com/leandrofmarcos/excel-to-json-node.git#09b2b33d0394dbf0036372f4fe37d149a47227a3",
      "from": "@scope-name/excel-to-json@github:leandrofmarcos/excel-to-json-node"
    }
  }
}
